
Microsoft Visual Studio Solution File, Format Version 12.00
# Visual Studio Version 17
VisualStudioVersion = 17.3.32929.385
MinimumVisualStudioVersion = 10.0.40219.1
Project("{FAE04EC0-301F-11D3-BF4B-00C04F79EFBC}") = "AppSec Assignment", "AppSec Assignment\AppSec Assignment.csproj", "{A39BB9E4-E631-46F6-8E49-6818463784F1}"
EndProject
Global
	GlobalSection(SolutionConfigurationPlatforms) = preSolution
		Debug|Any CPU = Debug|Any CPU
		Release|Any CPU = Release|Any CPU
	EndGlobalSection
	GlobalSection(ProjectConfigurationPlatforms) = postSolution
		{A39BB9E4-E631-46F6-8E49-6818463784F1}.Debug|Any CPU.ActiveCfg = Debug|Any CPU
		{A39BB9E4-E631-46F6-8E49-6818463784F1}.Debug|Any CPU.Build.0 = Debug|Any CPU
		{A39BB9E4-E631-46F6-8E49-6818463784F1}.Release|Any CPU.ActiveCfg = Release|Any CPU
		{A39BB9E4-E631-46F6-8E49-6818463784F1}.Release|Any CPU.Build.0 = Release|Any CPU
	EndGlobalSection
	GlobalSection(SolutionProperties) = preSolution
		HideSolutionNode = FALSE
	EndGlobalSection
	GlobalSection(ExtensibilityGlobals) = postSolution
		SolutionGuid = {7D50D369-3F60-4CB1-A700-BD5A5AB5BBB5}
	EndGlobalSection
EndGlobal
